// !$*UTF8*$!
{
	archiveVersion = 1;
	classes = {
	};
	objectVersion = 46;
	objects = {

/* Begin PBXAggregateTarget section */
		6B941F1A1BB10E50007FE99D /* RemoteReceiverLib */ = {
			isa = PBXAggregateTarget;
			buildConfigurationList = 6B941F1B1BB10E50007FE99D /* Build configuration list for PBXAggregateTarget "RemoteReceiverLib" */;
			buildPhases = (
				6BDE02821BB10E7D0084A9B4 /* ShellScript */,
			);
			dependencies = (
			);
			name = RemoteReceiverLib;
			productName = RemoteReceiverLib;
		};
/* End PBXAggregateTarget section */

/* Begin PBXBuildFile section */
		6B941EF51BB10CFB007FE99D /* RemoteReceiver.h in CopyFiles */ = {isa = PBXBuildFile; fileRef = 6B941EF41BB10CFB007FE99D /* RemoteReceiver.h */; };
		6B941EF71BB10CFB007FE99D /* RemoteReceiver.m in Sources */ = {isa = PBXBuildFile; fileRef = 6B941EF61BB10CFB007FE99D /* RemoteReceiver.m */; };
		6B941EFF1BB10D03007FE99D /* GCDAsyncSocket.m in Sources */ = {isa = PBXBuildFile; fileRef = 6B941EFD1BB10D03007FE99D /* GCDAsyncSocket.m */; };
/* End PBXBuildFile section */

/* Begin PBXCopyFilesBuildPhase section */
		6B941EEF1BB10CFB007FE99D /* CopyFiles */ = {
			isa = PBXCopyFilesBuildPhase;
			buildActionMask = 2147483647;
			dstPath = "include/$(PRODUCT_NAME)";
			dstSubfolderSpec = 16;
			files = (
				6B941EF51BB10CFB007FE99D /* RemoteReceiver.h in CopyFiles */,
			);
			runOnlyForDeploymentPostprocessing = 0;
		};
/* End PBXCopyFilesBuildPhase section */

/* Begin PBXFileReference section */
		6B941EF11BB10CFB007FE99D /* libRemoteReceiver.a */ = {isa = PBXFileReference; explicitFileType = archive.ar; includeInIndex = 0; path = libRemoteReceiver.a; sourceTree = BUILT_PRODUCTS_DIR; };
		6B941EF41BB10CFB007FE99D /* RemoteReceiver.h */ = {isa = PBXFileReference; lastKnownFileType = sourcecode.c.h; path = RemoteReceiver.h; sourceTree = "<group>"; };
		6B941EF61BB10CFB007FE99D /* RemoteReceiver.m */ = {isa = PBXFileReference; lastKnownFileType = sourcecode.c.objc; path = RemoteReceiver.m; sourceTree = "<group>"; };
		6B941EFD1BB10D03007FE99D /* GCDAsyncSocket.m */ = {isa = PBXFileReference; fileEncoding = 4; lastKnownFileType = sourcecode.c.objc; path = GCDAsyncSocket.m; sourceTree = "<group>"; };
		6B941EFE1BB10D03007FE99D /* GCDAsyncSocket.h */ = {isa = PBXFileReference; fileEncoding = 4; lastKnownFileType = sourcecode.c.h; path = GCDAsyncSocket.h; sourceTree = "<group>"; };
/* End PBXFileReference section */

/* Begin PBXFrameworksBuildPhase section */
		6B941EEE1BB10CFB007FE99D /* Frameworks */ = {
			isa = PBXFrameworksBuildPhase;
			buildActionMask = 2147483647;
			files = (
			);
			runOnlyForDeploymentPostprocessing = 0;
		};
/* End PBXFrameworksBuildPhase section */

/* Begin PBXGroup section */
		6B941EE81BB10CFB007FE99D = {
			isa = PBXGroup;
			children = (
				6B941EF31BB10CFB007FE99D /* RemoteReceiver */,
				6B941EF21BB10CFB007FE99D /* Products */,
			);
			sourceTree = "<group>";
		};
		6B941EF21BB10CFB007FE99D /* Products */ = {
			isa = PBXGroup;
			children = (
				6B941EF11BB10CFB007FE99D /* libRemoteReceiver.a */,
			);
			name = Products;
			sourceTree = "<group>";
		};
		6B941EF31BB10CFB007FE99D /* RemoteReceiver */ = {
			isa = PBXGroup;
			children = (
				6B941F001BB10D6F007FE99D /* Utils */,
				6B941EF41BB10CFB007FE99D /* RemoteReceiver.h */,
				6B941EF61BB10CFB007FE99D /* RemoteReceiver.m */,
			);
			path = RemoteReceiver;
			sourceTree = "<group>";
		};
		6B941F001BB10D6F007FE99D /* Utils */ = {
			isa = PBXGroup;
			children = (
				6B941EFD1BB10D03007FE99D /* GCDAsyncSocket.m */,
				6B941EFE1BB10D03007FE99D /* GCDAsyncSocket.h */,
			);
			name = Utils;
			sourceTree = "<group>";
		};
/* End PBXGroup section */

/* Begin PBXNativeTarget section */
		6B941EF01BB10CFB007FE99D /* RemoteReceiver */ = {
			isa = PBXNativeTarget;
			buildConfigurationList = 6B941EFA1BB10CFB007FE99D /* Build configuration list for PBXNativeTarget "RemoteReceiver" */;
			buildPhases = (
				6B941EED1BB10CFB007FE99D /* Sources */,
				6B941EEE1BB10CFB007FE99D /* Frameworks */,
				6B941EEF1BB10CFB007FE99D /* CopyFiles */,
			);
			buildRules = (
			);
			dependencies = (
			);
			name = RemoteReceiver;
			productName = RemoteReceiver;
			productReference = 6B941EF11BB10CFB007FE99D /* libRemoteReceiver.a */;
			productType = "com.apple.product-type.library.static";
		};
/* End PBXNativeTarget section */

/* Begin PBXProject section */
		6B941EE91BB10CFB007FE99D /* Project object */ = {
			isa = PBXProject;
			attributes = {
				LastUpgradeCheck = 0710;
				ORGANIZATIONNAME = "Vivian Aranha";
				TargetAttributes = {
					6B941EF01BB10CFB007FE99D = {
						CreatedOnToolsVersion = 7.1;
					};
					6B941F1A1BB10E50007FE99D = {
						CreatedOnToolsVersion = 7.1;
					};
				};
			};
			buildConfigurationList = 6B941EEC1BB10CFB007FE99D /* Build configuration list for PBXProject "RemoteReceiver" */;
			compatibilityVersion = "Xcode 3.2";
			developmentRegion = English;
			hasScannedForEncodings = 0;
			knownRegions = (
				en,
			);
			mainGroup = 6B941EE81BB10CFB007FE99D;
			productRefGroup = 6B941EF21BB10CFB007FE99D /* Products */;
			projectDirPath = "";
			projectRoot = "";
			targets = (
				6B941EF01BB10CFB007FE99D /* RemoteReceiver */,
				6B941F1A1BB10E50007FE99D /* RemoteReceiverLib */,
			);
		};
/* End PBXProject section */

/* Begin PBXShellScriptBuildPhase section */
		6BDE02821BB10E7D0084A9B4 /* ShellScript */ = {
			isa = PBXShellScriptBuildPhase;
			buildActionMask = 2147483647;
			files = (
			);
			inputPaths = (
			);
			outputPaths = (
			);
			runOnlyForDeploymentPostprocessing = 0;
			shellPath = /bin/sh;
			shellScript = "UNIVERSAL_OUTPUTFOLDER=${BUILD_DIR}/${CONFIGURATION}-universal\n\n# Step 1. Build Device and Simulator versions\nxcodebuild -target RemoteReceiver ONLY_ACTIVE_ARCH=NO -configuration ${CONFIGURATION} -sdk iphoneos  BUILD_DIR=\"${BUILD_DIR}\" BUILD_ROOT=\"${BUILD_ROOT}\"\nxcodebuild -target RemoteReceiver -configuration ${CONFIGURATION} -sdk iphonesimulator -arch i386 BUILD_DIR=\"${BUILD_DIR}\" BUILD_ROOT=\"${BUILD_ROOT}\"\n\n# make sure the output directory exists\nmkdir -p \"${UNIVERSAL_OUTPUTFOLDER}\"\n\n# Step 2. Create universal binary file using lipo\nlipo -create -output \"${UNIVERSAL_OUTPUTFOLDER}/lib${PROJECT_NAME}.a\" \"${BUILD_DIR}/${CONFIGURATION}-iphoneos/lib${PROJECT_NAME}.a\" \"${BUILD_DIR}/${CONFIGURATION}-iphonesimulator/lib${PROJECT_NAME}.a\"\n\n# Last touch. copy the header files. Just for convenience\ncp -R \"${BUILD_DIR}/${CONFIGURATION}-iphoneos/include\" \"${UNIVERSAL_OUTPUTFOLDER}/\"";
		};
/* End PBXShellScriptBuildPhase section */

/* Begin PBXSourcesBuildPhase section */
		6B941EED1BB10CFB007FE99D /* Sources */ = {
			isa = PBXSourcesBuildPhase;
			buildActionMask = 2147483647;
			files = (
				6B941EFF1BB10D03007FE99D /* GCDAsyncSocket.m in Sources */,
				6B941EF71BB10CFB007FE99D /* RemoteReceiver.m in Sources */,
			);
			runOnlyForDeploymentPostprocessing = 0;
		};
/* End PBXSourcesBuildPhase section */

/* Begin XCBuildConfiguration section */
		6B941EF81BB10CFB007FE99D /* Debug */ = {
			isa = XCBuildConfiguration;
			buildSettings = {
				ALWAYS_SEARCH_USER_PATHS = NO;
				CLANG_CXX_LANGUAGE_STANDARD = "gnu++0x";
				CLANG_CXX_LIBRARY = "libc++";
				CLANG_ENABLE_MODULES = YES;
				CLANG_ENABLE_OBJC_ARC = YES;
				CLANG_WARN_BOOL_CONVERSION = YES;
				CLANG_WARN_CONSTANT_CONVERSION = YES;
				CLANG_WARN_DIRECT_OBJC_ISA_USAGE = YES_ERROR;
				CLANG_WARN_EMPTY_BODY = YES;
				CLANG_WARN_ENUM_CONVERSION = YES;
				CLANG_WARN_INT_CONVERSION = YES;
				CLANG_WARN_OBJC_ROOT_CLASS = YES_ERROR;
				CLANG_WARN_UNREACHABLE_CODE = YES;
				CLANG_WARN__DUPLICATE_METHOD_MATCH = YES;
				COPY_PHASE_STRIP = NO;
				DEBUG_INFORMATION_FORMAT = dwarf;
				ENABLE_STRICT_OBJC_MSGSEND = YES;
				ENABLE_TESTABILITY = YES;
				GCC_C_LANGUAGE_STANDARD = gnu99;
				GCC_DYNAMIC_NO_PIC = NO;
				GCC_NO_COMMON_BLOCKS = YES;
				GCC_OPTIMIZATION_LEVEL = 0;
				GCC_PREPROCESSOR_DEFINITIONS = (
					"DEBUG=1",
					"$(inherited)",
				);
				GCC_WARN_64_TO_32_BIT_CONVERSION = YES;
				GCC_WARN_ABOUT_RETURN_TYPE = YES_ERROR;
				GCC_WARN_UNDECLARED_SELECTOR = YES;
				GCC_WARN_UNINITIALIZED_AUTOS = YES_AGGRESSIVE;
				GCC_WARN_UNUSED_FUNCTION = YES;
				GCC_WARN_UNUSED_VARIABLE = YES;
				MTL_ENABLE_DEBUG_INFO = YES;
				ONLY_ACTIVE_ARCH = YES;
				SDKROOT = appletvos;
				TVOS_DEPLOYMENT_TARGET = 9.0;
			};
			name = Debug;
		};
		6B941EF91BB10CFB007FE99D /* Release */ = {
			isa = XCBuildConfiguration;
			buildSettings = {
				ALWAYS_SEARCH_USER_PATHS = NO;
				CLANG_CXX_LANGUAGE_STANDARD = "gnu++0x";
				CLANG_CXX_LIBRARY = "libc++";
				CLANG_ENABLE_MODULES = YES;
				CLANG_ENABLE_OBJC_ARC = YES;
				CLANG_WARN_BOOL_CONVERSION = YES;
				CLANG_WARN_CONSTANT_CONVERSION = YES;
				CLANG_WARN_DIRECT_OBJC_ISA_USAGE = YES_ERROR;
				CLANG_WARN_EMPTY_BODY = YES;
				CLANG_WARN_ENUM_CONVERSION = YES;
				CLANG_WARN_INT_CONVERSION = YES;
				CLANG_WARN_OBJC_ROOT_CLASS = YES_ERROR;
				CLANG_WARN_UNREACHABLE_CODE = YES;
				CLANG_WARN__DUPLICATE_METHOD_MATCH = YES;
				COPY_PHASE_STRIP = NO;
				DEBUG_INFORMATION_FORMAT = "dwarf-with-dsym";
				ENABLE_NS_ASSERTIONS = NO;
				ENABLE_STRICT_OBJC_MSGSEND = YES;
				GCC_C_LANGUAGE_STANDARD = gnu99;
				GCC_NO_COMMON_BLOCKS = YES;
				GCC_WARN_64_TO_32_BIT_CONVERSION = YES;
				GCC_WARN_ABOUT_RETURN_TYPE = YES_ERROR;
				GCC_WARN_UNDECLARED_SELECTOR = YES;
				GCC_WARN_UNINITIALIZED_AUTOS = YES_AGGRESSIVE;
				GCC_WARN_UNUSED_FUNCTION = YES;
				GCC_WARN_UNUSED_VARIABLE = YES;
				MTL_ENABLE_DEBUG_INFO = NO;
				SDKROOT = appletvos;
				TVOS_DEPLOYMENT_TARGET = 9.0;
				VALIDATE_PRODUCT = YES;
			};
			name = Release;
		};
		6B941EFB1BB10CFB007FE99D /* Debug */ = {
			isa = XCBuildConfiguration;
			buildSettings = {
				OTHER_LDFLAGS = "-ObjC";
				PRODUCT_NAME = "$(TARGET_NAME)";
				SKIP_INSTALL = YES;
			};
			name = Debug;
		};
		6B941EFC1BB10CFB007FE99D /* Release */ = {
			isa = XCBuildConfiguration;
			buildSettings = {
				OTHER_LDFLAGS = "-ObjC";
				PRODUCT_NAME = "$(TARGET_NAME)";
				SKIP_INSTALL = YES;
			};
			name = Release;
		};
		6B941F1C1BB10E50007FE99D /* Debug */ = {
			isa = XCBuildConfiguration;
			buildSettings = {
				PRODUCT_NAME = "$(TARGET_NAME)";
			};
			name = Debug;
		};
		6B941F1D1BB10E50007FE99D /* Release */ = {
			isa = XCBuildConfiguration;
			buildSettings = {
				PRODUCT_NAME = "$(TARGET_NAME)";
			};
			name = Release;
		};
/* End XCBuildConfiguration section */

/* Begin XCConfigurationList section */
		6B941EEC1BB10CFB007FE99D /* Build configuration list for PBXProject "RemoteReceiver" */ = {
			isa = XCConfigurationList;
			buildConfigurations = (
				6B941EF81BB10CFB007FE99D /* Debug */,
				6B941EF91BB10CFB007FE99D /* Release */,
			);
			defaultConfigurationIsVisible = 0;
			defaultConfigurationName = Release;
		};
		6B941EFA1BB10CFB007FE99D /* Build configuration list for PBXNativeTarget "RemoteReceiver" */ = {
			isa = XCConfigurationList;
			buildConfigurations = (
				6B941EFB1BB10CFB007FE99D /* Debug */,
				6B941EFC1BB10CFB007FE99D /* Release */,
			);
			defaultConfigurationIsVisible = 0;
			defaultConfigurationName = Release;
		};
		6B941F1B1BB10E50007FE99D /* Build configuration list for PBXAggregateTarget "RemoteReceiverLib" */ = {
			isa = XCConfigurationList;
			buildConfigurations = (
				6B941F1C1BB10E50007FE99D /* Debug */,
				6B941F1D1BB10E50007FE99D /* Release */,
			);
			defaultConfigurationIsVisible = 0;
			defaultConfigurationName = Release;
		};
/* End XCConfigurationList section */
	};
	rootObject = 6B941EE91BB10CFB007FE99D /* Project object */;
}
