// !$*UTF8*$!
{
	archiveVersion = 1;
	classes = {
	};
	objectVersion = 46;
	objects = {

/* Begin PBXBuildFile section */
		6BB84E731BB258B4005E11F0 /* main.m in Sources */ = {isa = PBXBuildFile; fileRef = 6BB84E721BB258B4005E11F0 /* main.m */; };
		6BB84E761BB258B4005E11F0 /* AppDelegate.m in Sources */ = {isa = PBXBuildFile; fileRef = 6BB84E751BB258B4005E11F0 /* AppDelegate.m */; };
		6BB84E791BB258B4005E11F0 /* ViewController.m in Sources */ = {isa = PBXBuildFile; fileRef = 6BB84E781BB258B4005E11F0 /* ViewController.m */; };
		6BB84E7C1BB258B4005E11F0 /* Main.storyboard in Resources */ = {isa = PBXBuildFile; fileRef = 6BB84E7A1BB258B4005E11F0 /* Main.storyboard */; };
		6BB84E7E1BB258B4005E11F0 /* Assets.xcassets in Resources */ = {isa = PBXBuildFile; fileRef = 6BB84E7D1BB258B4005E11F0 /* Assets.xcassets */; };
		6BB84EB91BB25CC6005E11F0 /* libRemoteReceiver.a in Frameworks */ = {isa = PBXBuildFile; fileRef = 6BB84EB81BB25CC6005E11F0 /* libRemoteReceiver.a */; };
/* End PBXBuildFile section */

/* Begin PBXFileReference section */
		6BB84E6E1BB258B4005E11F0 /* TheApp.app */ = {isa = PBXFileReference; explicitFileType = wrapper.application; includeInIndex = 0; path = TheApp.app; sourceTree = BUILT_PRODUCTS_DIR; };
		6BB84E721BB258B4005E11F0 /* main.m */ = {isa = PBXFileReference; lastKnownFileType = sourcecode.c.objc; path = main.m; sourceTree = "<group>"; };
		6BB84E741BB258B4005E11F0 /* AppDelegate.h */ = {isa = PBXFileReference; lastKnownFileType = sourcecode.c.h; path = AppDelegate.h; sourceTree = "<group>"; };
		6BB84E751BB258B4005E11F0 /* AppDelegate.m */ = {isa = PBXFileReference; lastKnownFileType = sourcecode.c.objc; path = AppDelegate.m; sourceTree = "<group>"; };
		6BB84E771BB258B4005E11F0 /* ViewController.h */ = {isa = PBXFileReference; lastKnownFileType = sourcecode.c.h; path = ViewController.h; sourceTree = "<group>"; };
		6BB84E781BB258B4005E11F0 /* ViewController.m */ = {isa = PBXFileReference; lastKnownFileType = sourcecode.c.objc; path = ViewController.m; sourceTree = "<group>"; };
		6BB84E7B1BB258B4005E11F0 /* Base */ = {isa = PBXFileReference; lastKnownFileType = file.storyboard; name = Base; path = Base.lproj/Main.storyboard; sourceTree = "<group>"; };
		6BB84E7D1BB258B4005E11F0 /* Assets.xcassets */ = {isa = PBXFileReference; lastKnownFileType = folder.assetcatalog; path = Assets.xcassets; sourceTree = "<group>"; };
		6BB84E7F1BB258B4005E11F0 /* Info.plist */ = {isa = PBXFileReference; lastKnownFileType = text.plist.xml; path = Info.plist; sourceTree = "<group>"; };
		6BB84EB71BB25CC1005E11F0 /* RemoteReceiver.h */ = {isa = PBXFileReference; fileEncoding = 4; lastKnownFileType = sourcecode.c.h; path = RemoteReceiver.h; sourceTree = "<group>"; };
		6BB84EB81BB25CC6005E11F0 /* libRemoteReceiver.a */ = {isa = PBXFileReference; lastKnownFileType = archive.ar; path = libRemoteReceiver.a; sourceTree = "<group>"; };
/* End PBXFileReference section */

/* Begin PBXFrameworksBuildPhase section */
		6BB84E6B1BB258B4005E11F0 /* Frameworks */ = {
			isa = PBXFrameworksBuildPhase;
			buildActionMask = 2147483647;
			files = (
				6BB84EB91BB25CC6005E11F0 /* libRemoteReceiver.a in Frameworks */,
			);
			runOnlyForDeploymentPostprocessing = 0;
		};
/* End PBXFrameworksBuildPhase section */

/* Begin PBXGroup section */
		6BB84E651BB258B4005E11F0 = {
			isa = PBXGroup;
			children = (
				6BB84E701BB258B4005E11F0 /* TheApp */,
				6BB84E6F1BB258B4005E11F0 /* Products */,
			);
			sourceTree = "<group>";
		};
		6BB84E6F1BB258B4005E11F0 /* Products */ = {
			isa = PBXGroup;
			children = (
				6BB84E6E1BB258B4005E11F0 /* TheApp.app */,
			);
			name = Products;
			sourceTree = "<group>";
		};
		6BB84E701BB258B4005E11F0 /* TheApp */ = {
			isa = PBXGroup;
			children = (
				6BB84EBB1BB25E8D005E11F0 /* ViewController */,
				6BB84EBA1BB25E6E005E11F0 /* Main */,
				6BB84E7D1BB258B4005E11F0 /* Assets.xcassets */,
				6BB84E7F1BB258B4005E11F0 /* Info.plist */,
				6BB84E711BB258B4005E11F0 /* Supporting Files */,
			);
			path = TheApp;
			sourceTree = "<group>";
		};
		6BB84E711BB258B4005E11F0 /* Supporting Files */ = {
			isa = PBXGroup;
			children = (
				6BB84EBC1BB25EA3005E11F0 /* RemoteReceiver */,
				6BB84E721BB258B4005E11F0 /* main.m */,
			);
			name = "Supporting Files";
			sourceTree = "<group>";
		};
		6BB84EBA1BB25E6E005E11F0 /* Main */ = {
			isa = PBXGroup;
			children = (
				6BB84E741BB258B4005E11F0 /* AppDelegate.h */,
				6BB84E751BB258B4005E11F0 /* AppDelegate.m */,
				6BB84E7A1BB258B4005E11F0 /* Main.storyboard */,
			);
			name = Main;
			sourceTree = "<group>";
		};
		6BB84EBB1BB25E8D005E11F0 /* ViewController */ = {
			isa = PBXGroup;
			children = (
				6BB84E771BB258B4005E11F0 /* ViewController.h */,
				6BB84E781BB258B4005E11F0 /* ViewController.m */,
			);
			name = ViewController;
			sourceTree = "<group>";
		};
		6BB84EBC1BB25EA3005E11F0 /* RemoteReceiver */ = {
			isa = PBXGroup;
			children = (
				6BB84EB81BB25CC6005E11F0 /* libRemoteReceiver.a */,
				6BB84EB71BB25CC1005E11F0 /* RemoteReceiver.h */,
			);
			name = RemoteReceiver;
			sourceTree = "<group>";
		};
/* End PBXGroup section */

/* Begin PBXNativeTarget section */
		6BB84E6D1BB258B4005E11F0 /* TheApp */ = {
			isa = PBXNativeTarget;
			buildConfigurationList = 6BB84E821BB258B4005E11F0 /* Build configuration list for PBXNativeTarget "TheApp" */;
			buildPhases = (
				6BB84E6A1BB258B4005E11F0 /* Sources */,
				6BB84E6B1BB258B4005E11F0 /* Frameworks */,
				6BB84E6C1BB258B4005E11F0 /* Resources */,
			);
			buildRules = (
			);
			dependencies = (
			);
			name = TheApp;
			productName = TheApp;
			productReference = 6BB84E6E1BB258B4005E11F0 /* TheApp.app */;
			productType = "com.apple.product-type.application";
		};
/* End PBXNativeTarget section */

/* Begin PBXProject section */
		6BB84E661BB258B4005E11F0 /* Project object */ = {
			isa = PBXProject;
			attributes = {
				LastUpgradeCheck = 0710;
				ORGANIZATIONNAME = "Vivian Aranha";
				TargetAttributes = {
					6BB84E6D1BB258B4005E11F0 = {
						CreatedOnToolsVersion = 7.1;
					};
				};
			};
			buildConfigurationList = 6BB84E691BB258B4005E11F0 /* Build configuration list for PBXProject "TheApp" */;
			compatibilityVersion = "Xcode 3.2";
			developmentRegion = English;
			hasScannedForEncodings = 0;
			knownRegions = (
				en,
				Base,
			);
			mainGroup = 6BB84E651BB258B4005E11F0;
			productRefGroup = 6BB84E6F1BB258B4005E11F0 /* Products */;
			projectDirPath = "";
			projectRoot = "";
			targets = (
				6BB84E6D1BB258B4005E11F0 /* TheApp */,
			);
		};
/* End PBXProject section */

/* Begin PBXResourcesBuildPhase section */
		6BB84E6C1BB258B4005E11F0 /* Resources */ = {
			isa = PBXResourcesBuildPhase;
			buildActionMask = 2147483647;
			files = (
				6BB84E7E1BB258B4005E11F0 /* Assets.xcassets in Resources */,
				6BB84E7C1BB258B4005E11F0 /* Main.storyboard in Resources */,
			);
			runOnlyForDeploymentPostprocessing = 0;
		};
/* End PBXResourcesBuildPhase section */

/* Begin PBXSourcesBuildPhase section */
		6BB84E6A1BB258B4005E11F0 /* Sources */ = {
			isa = PBXSourcesBuildPhase;
			buildActionMask = 2147483647;
			files = (
				6BB84E791BB258B4005E11F0 /* ViewController.m in Sources */,
				6BB84E761BB258B4005E11F0 /* AppDelegate.m in Sources */,
				6BB84E731BB258B4005E11F0 /* main.m in Sources */,
			);
			runOnlyForDeploymentPostprocessing = 0;
		};
/* End PBXSourcesBuildPhase section */

/* Begin PBXVariantGroup section */
		6BB84E7A1BB258B4005E11F0 /* Main.storyboard */ = {
			isa = PBXVariantGroup;
			children = (
				6BB84E7B1BB258B4005E11F0 /* Base */,
			);
			name = Main.storyboard;
			sourceTree = "<group>";
		};
/* End PBXVariantGroup section */

/* Begin XCBuildConfiguration section */
		6BB84E801BB258B4005E11F0 /* Debug */ = {
			isa = XCBuildConfiguration;
			buildSettings = {
				ALWAYS_SEARCH_USER_PATHS = NO;
				CLANG_CXX_LANGUAGE_STANDARD = "gnu++0x";
				CLANG_CXX_LIBRARY = "libc++";
				CLANG_ENABLE_MODULES = YES;
				CLANG_ENABLE_OBJC_ARC = YES;
				CLANG_WARN_BOOL_CONVERSION = YES;
				CLANG_WARN_CONSTANT_CONVERSION = YES;
				CLANG_WARN_DIRECT_OBJC_ISA_USAGE = YES_ERROR;
				CLANG_WARN_EMPTY_BODY = YES;
				CLANG_WARN_ENUM_CONVERSION = YES;
				CLANG_WARN_INT_CONVERSION = YES;
				CLANG_WARN_OBJC_ROOT_CLASS = YES_ERROR;
				CLANG_WARN_UNREACHABLE_CODE = YES;
				CLANG_WARN__DUPLICATE_METHOD_MATCH = YES;
				COPY_PHASE_STRIP = NO;
				DEBUG_INFORMATION_FORMAT = dwarf;
				ENABLE_STRICT_OBJC_MSGSEND = YES;
				ENABLE_TESTABILITY = YES;
				GCC_C_LANGUAGE_STANDARD = gnu99;
				GCC_DYNAMIC_NO_PIC = NO;
				GCC_NO_COMMON_BLOCKS = YES;
				GCC_OPTIMIZATION_LEVEL = 0;
				GCC_PREPROCESSOR_DEFINITIONS = (
					"DEBUG=1",
					"$(inherited)",
				);
				GCC_WARN_64_TO_32_BIT_CONVERSION = YES;
				GCC_WARN_ABOUT_RETURN_TYPE = YES_ERROR;
				GCC_WARN_UNDECLARED_SELECTOR = YES;
				GCC_WARN_UNINITIALIZED_AUTOS = YES_AGGRESSIVE;
				GCC_WARN_UNUSED_FUNCTION = YES;
				GCC_WARN_UNUSED_VARIABLE = YES;
				MTL_ENABLE_DEBUG_INFO = YES;
				ONLY_ACTIVE_ARCH = YES;
				SDKROOT = appletvos;
				TARGETED_DEVICE_FAMILY = 3;
				TVOS_DEPLOYMENT_TARGET = 9.0;
			};
			name = Debug;
		};
		6BB84E811BB258B4005E11F0 /* Release */ = {
			isa = XCBuildConfiguration;
			buildSettings = {
				ALWAYS_SEARCH_USER_PATHS = NO;
				CLANG_CXX_LANGUAGE_STANDARD = "gnu++0x";
				CLANG_CXX_LIBRARY = "libc++";
				CLANG_ENABLE_MODULES = YES;
				CLANG_ENABLE_OBJC_ARC = YES;
				CLANG_WARN_BOOL_CONVERSION = YES;
				CLANG_WARN_CONSTANT_CONVERSION = YES;
				CLANG_WARN_DIRECT_OBJC_ISA_USAGE = YES_ERROR;
				CLANG_WARN_EMPTY_BODY = YES;
				CLANG_WARN_ENUM_CONVERSION = YES;
				CLANG_WARN_INT_CONVERSION = YES;
				CLANG_WARN_OBJC_ROOT_CLASS = YES_ERROR;
				CLANG_WARN_UNREACHABLE_CODE = YES;
				CLANG_WARN__DUPLICATE_METHOD_MATCH = YES;
				COPY_PHASE_STRIP = NO;
				DEBUG_INFORMATION_FORMAT = "dwarf-with-dsym";
				ENABLE_NS_ASSERTIONS = NO;
				ENABLE_STRICT_OBJC_MSGSEND = YES;
				GCC_C_LANGUAGE_STANDARD = gnu99;
				GCC_NO_COMMON_BLOCKS = YES;
				GCC_WARN_64_TO_32_BIT_CONVERSION = YES;
				GCC_WARN_ABOUT_RETURN_TYPE = YES_ERROR;
				GCC_WARN_UNDECLARED_SELECTOR = YES;
				GCC_WARN_UNINITIALIZED_AUTOS = YES_AGGRESSIVE;
				GCC_WARN_UNUSED_FUNCTION = YES;
				GCC_WARN_UNUSED_VARIABLE = YES;
				MTL_ENABLE_DEBUG_INFO = NO;
				SDKROOT = appletvos;
				TARGETED_DEVICE_FAMILY = 3;
				TVOS_DEPLOYMENT_TARGET = 9.0;
				VALIDATE_PRODUCT = YES;
			};
			name = Release;
		};
		6BB84E831BB258B4005E11F0 /* Debug */ = {
			isa = XCBuildConfiguration;
			buildSettings = {
				ASSETCATALOG_COMPILER_APPICON_NAME = "App Icon & Top Shelf Image";
				ASSETCATALOG_COMPILER_LAUNCHIMAGE_NAME = LaunchImage;
				INFOPLIST_FILE = TheApp/Info.plist;
				LD_RUNPATH_SEARCH_PATHS = "$(inherited) @executable_path/Frameworks";
				LIBRARY_SEARCH_PATHS = (
					"$(inherited)",
					"$(PROJECT_DIR)/TheApp",
				);
				PRODUCT_BUNDLE_IDENTIFIER = com.vivianaranha.TheApp;
				PRODUCT_NAME = "$(TARGET_NAME)";
			};
			name = Debug;
		};
		6BB84E841BB258B4005E11F0 /* Release */ = {
			isa = XCBuildConfiguration;
			buildSettings = {
				ASSETCATALOG_COMPILER_APPICON_NAME = "App Icon & Top Shelf Image";
				ASSETCATALOG_COMPILER_LAUNCHIMAGE_NAME = LaunchImage;
				INFOPLIST_FILE = TheApp/Info.plist;
				LD_RUNPATH_SEARCH_PATHS = "$(inherited) @executable_path/Frameworks";
				LIBRARY_SEARCH_PATHS = (
					"$(inherited)",
					"$(PROJECT_DIR)/TheApp",
				);
				PRODUCT_BUNDLE_IDENTIFIER = com.vivianaranha.TheApp;
				PRODUCT_NAME = "$(TARGET_NAME)";
			};
			name = Release;
		};
/* End XCBuildConfiguration section */

/* Begin XCConfigurationList section */
		6BB84E691BB258B4005E11F0 /* Build configuration list for PBXProject "TheApp" */ = {
			isa = XCConfigurationList;
			buildConfigurations = (
				6BB84E801BB258B4005E11F0 /* Debug */,
				6BB84E811BB258B4005E11F0 /* Release */,
			);
			defaultConfigurationIsVisible = 0;
			defaultConfigurationName = Release;
		};
		6BB84E821BB258B4005E11F0 /* Build configuration list for PBXNativeTarget "TheApp" */ = {
			isa = XCConfigurationList;
			buildConfigurations = (
				6BB84E831BB258B4005E11F0 /* Debug */,
				6BB84E841BB258B4005E11F0 /* Release */,
			);
			defaultConfigurationIsVisible = 0;
		};
/* End XCConfigurationList section */
	};
	rootObject = 6BB84E661BB258B4005E11F0 /* Project object */;
}
